
Microsoft Visual Studio Solution File, Format Version 12.00
# Visual Studio Version 17
VisualStudioVersion = 17.8.34309.116
MinimumVisualStudioVersion = 10.0.40219.1
Project("{FAE04EC0-301F-11D3-BF4B-00C04F79EFBC}") = "ConsoleApp1", "ConsoleApp1.csproj", "{CCD57C0E-7F82-4A66-BBF3-521DE6DF9A7D}"
EndProject
Global
	GlobalSection(SolutionConfigurationPlatforms) = preSolution
		Debug|Any CPU = Debug|Any CPU
		Release|Any CPU = Release|Any CPU
	EndGlobalSection
	GlobalSection(ProjectConfigurationPlatforms) = postSolution
		{CCD57C0E-7F82-4A66-BBF3-521DE6DF9A7D}.Debug|Any CPU.ActiveCfg = Debug|Any CPU
		{CCD57C0E-7F82-4A66-BBF3-521DE6DF9A7D}.Debug|Any CPU.Build.0 = Debug|Any CPU
		{CCD57C0E-7F82-4A66-BBF3-521DE6DF9A7D}.Release|Any CPU.ActiveCfg = Release|Any CPU
		{CCD57C0E-7F82-4A66-BBF3-521DE6DF9A7D}.Release|Any CPU.Build.0 = Release|Any CPU
	EndGlobalSection
	GlobalSection(SolutionProperties) = preSolution
		HideSolutionNode = FALSE
	EndGlobalSection
	GlobalSection(ExtensibilityGlobals) = postSolution
		SolutionGuid = {A2A249E3-8F29-423F-81A3-C0F5EACB1331}
	EndGlobalSection
EndGlobal
